// !$*UTF8*$!
{
	archiveVersion = 1;
	classes = {
	};
	objectVersion = 77;
	objects = {

/* Begin PBXBuildFile section */
		D7E830BC2D5885DA00702A5E /* WidgetKit.framework in Frameworks */ = {isa = PBXBuildFile; fileRef = D7E830BB2D5885DA00702A5E /* WidgetKit.framework */; };
		D7E830BE2D5885DA00702A5E /* SwiftUI.framework in Frameworks */ = {isa = PBXBuildFile; fileRef = D7E830BD2D5885DA00702A5E /* SwiftUI.framework */; };
		D7E830CF2D5885DB00702A5E /* CryptoKeepWidgetExtension.appex in Embed Foundation Extensions */ = {isa = PBXBuildFile; fileRef = D7E830B92D5885DA00702A5E /* CryptoKeepWidgetExtension.appex */; settings = {ATTRIBUTES = (RemoveHeadersOnCopy, ); }; };
/* End PBXBuildFile section */

/* Begin PBXContainerItemProxy section */
		D7E830CD2D5885DB00702A5E /* PBXContainerItemProxy */ = {
			isa = PBXContainerItemProxy;
			containerPortal = D7CF0E262D534B3E0036A0F3 /* Project object */;
			proxyType = 1;
			remoteGlobalIDString = D7E830B82D5885DA00702A5E;
			remoteInfo = CryptoKeepWidgetExtension;
		};
/* End PBXContainerItemProxy section */

/* Begin PBXCopyFilesBuildPhase section */
		D7E830D42D5885DB00702A5E /* Embed Foundation Extensions */ = {
			isa = PBXCopyFilesBuildPhase;
			buildActionMask = 2147483647;
			dstPath = "";
			dstSubfolderSpec = 13;
			files = (
				D7E830CF2D5885DB00702A5E /* CryptoKeepWidgetExtension.appex in Embed Foundation Extensions */,
			);
			name = "Embed Foundation Extensions";
			runOnlyForDeploymentPostprocessing = 0;
		};
/* End PBXCopyFilesBuildPhase section */

/* Begin PBXFileReference section */
		D7CF0E2E2D534B3E0036A0F3 /* CryptoKeep.app */ = {isa = PBXFileReference; explicitFileType = wrapper.application; includeInIndex = 0; path = CryptoKeep.app; sourceTree = BUILT_PRODUCTS_DIR; };
		D7E830B92D5885DA00702A5E /* CryptoKeepWidgetExtension.appex */ = {isa = PBXFileReference; explicitFileType = "wrapper.app-extension"; includeInIndex = 0; path = CryptoKeepWidgetExtension.appex; sourceTree = BUILT_PRODUCTS_DIR; };
		D7E830BB2D5885DA00702A5E /* WidgetKit.framework */ = {isa = PBXFileReference; lastKnownFileType = wrapper.framework; name = WidgetKit.framework; path = System/Library/Frameworks/WidgetKit.framework; sourceTree = SDKROOT; };
		D7E830BD2D5885DA00702A5E /* SwiftUI.framework */ = {isa = PBXFileReference; lastKnownFileType = wrapper.framework; name = SwiftUI.framework; path = System/Library/Frameworks/SwiftUI.framework; sourceTree = SDKROOT; };
		D7E830DC2D58A3D800702A5E /* CryptoKeepWidgetExtension.entitlements */ = {isa = PBXFileReference; lastKnownFileType = text.plist.entitlements; path = CryptoKeepWidgetExtension.entitlements; sourceTree = "<group>"; };
/* End PBXFileReference section */

/* Begin PBXFileSystemSynchronizedBuildFileExceptionSet section */
		D7E830D02D5885DB00702A5E /* Exceptions for "CryptoKeepWidget" folder in "CryptoKeepWidgetExtension" target */ = {
			isa = PBXFileSystemSynchronizedBuildFileExceptionSet;
			membershipExceptions = (
				Info.plist,
			);
			target = D7E830B82D5885DA00702A5E /* CryptoKeepWidgetExtension */;
		};
		D7E830D82D5890ED00702A5E /* Exceptions for "CryptoKeep" folder in "CryptoKeepWidgetExtension" target */ = {
			isa = PBXFileSystemSynchronizedBuildFileExceptionSet;
			membershipExceptions = (
				Models/FundRecord.swift,
				Resources/Utils/CurrencyConverter.swift,
				Services/PriceService.swift,
			);
			target = D7E830B82D5885DA00702A5E /* CryptoKeepWidgetExtension */;
		};
/* End PBXFileSystemSynchronizedBuildFileExceptionSet section */

/* Begin PBXFileSystemSynchronizedRootGroup section */
		D7CF0E302D534B3E0036A0F3 /* CryptoKeep */ = {
			isa = PBXFileSystemSynchronizedRootGroup;
			exceptions = (
				D7E830D82D5890ED00702A5E /* Exceptions for "CryptoKeep" folder in "CryptoKeepWidgetExtension" target */,
			);
			path = CryptoKeep;
			sourceTree = "<group>";
		};
		D7E830BF2D5885DA00702A5E /* CryptoKeepWidget */ = {
			isa = PBXFileSystemSynchronizedRootGroup;
			exceptions = (
				D7E830D02D5885DB00702A5E /* Exceptions for "CryptoKeepWidget" folder in "CryptoKeepWidgetExtension" target */,
			);
			path = CryptoKeepWidget;
			sourceTree = "<group>";
		};
/* End PBXFileSystemSynchronizedRootGroup section */

/* Begin PBXFrameworksBuildPhase section */
		D7CF0E2B2D534B3E0036A0F3 /* Frameworks */ = {
			isa = PBXFrameworksBuildPhase;
			buildActionMask = 2147483647;
			files = (
			);
			runOnlyForDeploymentPostprocessing = 0;
		};
		D7E830B62D5885DA00702A5E /* Frameworks */ = {
			isa = PBXFrameworksBuildPhase;
			buildActionMask = 2147483647;
			files = (
				D7E830BE2D5885DA00702A5E /* SwiftUI.framework in Frameworks */,
				D7E830BC2D5885DA00702A5E /* WidgetKit.framework in Frameworks */,
			);
			runOnlyForDeploymentPostprocessing = 0;
		};
/* End PBXFrameworksBuildPhase section */

/* Begin PBXGroup section */
		D7CF0E252D534B3E0036A0F3 = {
			isa = PBXGroup;
			children = (
				D7E830DC2D58A3D800702A5E /* CryptoKeepWidgetExtension.entitlements */,
				D7CF0E302D534B3E0036A0F3 /* CryptoKeep */,
				D7E830BF2D5885DA00702A5E /* CryptoKeepWidget */,
				D7E830BA2D5885DA00702A5E /* Frameworks */,
				D7CF0E2F2D534B3E0036A0F3 /* Products */,
			);
			sourceTree = "<group>";
		};
		D7CF0E2F2D534B3E0036A0F3 /* Products */ = {
			isa = PBXGroup;
			children = (
				D7CF0E2E2D534B3E0036A0F3 /* CryptoKeep.app */,
				D7E830B92D5885DA00702A5E /* CryptoKeepWidgetExtension.appex */,
			);
			name = Products;
			sourceTree = "<group>";
		};
		D7E830BA2D5885DA00702A5E /* Frameworks */ = {
			isa = PBXGroup;
			children = (
				D7E830BB2D5885DA00702A5E /* WidgetKit.framework */,
				D7E830BD2D5885DA00702A5E /* SwiftUI.framework */,
			);
			name = Frameworks;
			sourceTree = "<group>";
		};
/* End PBXGroup section */

/* Begin PBXNativeTarget section */
		D7CF0E2D2D534B3E0036A0F3 /* CryptoKeep */ = {
			isa = PBXNativeTarget;
			buildConfigurationList = D7CF0E3E2D534B3F0036A0F3 /* Build configuration list for PBXNativeTarget "CryptoKeep" */;
			buildPhases = (
				D7CF0E2A2D534B3E0036A0F3 /* Sources */,
				D7CF0E2B2D534B3E0036A0F3 /* Frameworks */,
				D7CF0E2C2D534B3E0036A0F3 /* Resources */,
				D7E830D42D5885DB00702A5E /* Embed Foundation Extensions */,
			);
			buildRules = (
			);
			dependencies = (
				D7E830CE2D5885DB00702A5E /* PBXTargetDependency */,
			);
			fileSystemSynchronizedGroups = (
				D7CF0E302D534B3E0036A0F3 /* CryptoKeep */,
			);
			name = CryptoKeep;
			packageProductDependencies = (
			);
			productName = CryptoKeep;
			productReference = D7CF0E2E2D534B3E0036A0F3 /* CryptoKeep.app */;
			productType = "com.apple.product-type.application";
		};
		D7E830B82D5885DA00702A5E /* CryptoKeepWidgetExtension */ = {
			isa = PBXNativeTarget;
			buildConfigurationList = D7E830D12D5885DB00702A5E /* Build configuration list for PBXNativeTarget "CryptoKeepWidgetExtension" */;
			buildPhases = (
				D7E830B52D5885DA00702A5E /* Sources */,
				D7E830B62D5885DA00702A5E /* Frameworks */,
				D7E830B72D5885DA00702A5E /* Resources */,
			);
			buildRules = (
			);
			dependencies = (
			);
			fileSystemSynchronizedGroups = (
				D7E830BF2D5885DA00702A5E /* CryptoKeepWidget */,
			);
			name = CryptoKeepWidgetExtension;
			packageProductDependencies = (
			);
			productName = CryptoKeepWidgetExtension;
			productReference = D7E830B92D5885DA00702A5E /* CryptoKeepWidgetExtension.appex */;
			productType = "com.apple.product-type.app-extension";
		};
/* End PBXNativeTarget section */

/* Begin PBXProject section */
		D7CF0E262D534B3E0036A0F3 /* Project object */ = {
			isa = PBXProject;
			attributes = {
				BuildIndependentTargetsInParallel = 1;
				LastSwiftUpdateCheck = 1620;
				LastUpgradeCheck = 1640;
				TargetAttributes = {
					D7CF0E2D2D534B3E0036A0F3 = {
						CreatedOnToolsVersion = 16.2;
					};
					D7E830B82D5885DA00702A5E = {
						CreatedOnToolsVersion = 16.2;
					};
				};
			};
			buildConfigurationList = D7CF0E292D534B3E0036A0F3 /* Build configuration list for PBXProject "CryptoKeep" */;
			developmentRegion = en;
			hasScannedForEncodings = 0;
			knownRegions = (
				en,
				Base,
			);
			mainGroup = D7CF0E252D534B3E0036A0F3;
			minimizedProjectReferenceProxies = 1;
			preferredProjectObjectVersion = 77;
			productRefGroup = D7CF0E2F2D534B3E0036A0F3 /* Products */;
			projectDirPath = "";
			projectRoot = "";
			targets = (
				D7CF0E2D2D534B3E0036A0F3 /* CryptoKeep */,
				D7E830B82D5885DA00702A5E /* CryptoKeepWidgetExtension */,
			);
		};
/* End PBXProject section */

/* Begin PBXResourcesBuildPhase section */
		D7CF0E2C2D534B3E0036A0F3 /* Resources */ = {
			isa = PBXResourcesBuildPhase;
			buildActionMask = 2147483647;
			files = (
			);
			runOnlyForDeploymentPostprocessing = 0;
		};
		D7E830B72D5885DA00702A5E /* Resources */ = {
			isa = PBXResourcesBuildPhase;
			buildActionMask = 2147483647;
			files = (
			);
			runOnlyForDeploymentPostprocessing = 0;
		};
/* End PBXResourcesBuildPhase section */

/* Begin PBXSourcesBuildPhase section */
		D7CF0E2A2D534B3E0036A0F3 /* Sources */ = {
			isa = PBXSourcesBuildPhase;
			buildActionMask = 2147483647;
			files = (
			);
			runOnlyForDeploymentPostprocessing = 0;
		};
		D7E830B52D5885DA00702A5E /* Sources */ = {
			isa = PBXSourcesBuildPhase;
			buildActionMask = 2147483647;
			files = (
			);
			runOnlyForDeploymentPostprocessing = 0;
		};
/* End PBXSourcesBuildPhase section */

/* Begin PBXTargetDependency section */
		D7E830CE2D5885DB00702A5E /* PBXTargetDependency */ = {
			isa = PBXTargetDependency;
			target = D7E830B82D5885DA00702A5E /* CryptoKeepWidgetExtension */;
			targetProxy = D7E830CD2D5885DB00702A5E /* PBXContainerItemProxy */;
		};
/* End PBXTargetDependency section */

/* Begin XCBuildConfiguration section */
		D7CF0E3C2D534B3F0036A0F3 /* Debug */ = {
			isa = XCBuildConfiguration;
			buildSettings = {
				ALWAYS_SEARCH_USER_PATHS = NO;
				ASSETCATALOG_COMPILER_GENERATE_SWIFT_ASSET_SYMBOL_EXTENSIONS = YES;
				CLANG_ANALYZER_NONNULL = YES;
				CLANG_ANALYZER_NUMBER_OBJECT_CONVERSION = YES_AGGRESSIVE;
				CLANG_CXX_LANGUAGE_STANDARD = "gnu++20";
				CLANG_ENABLE_MODULES = YES;
				CLANG_ENABLE_OBJC_ARC = YES;
				CLANG_ENABLE_OBJC_WEAK = YES;
				CLANG_WARN_BLOCK_CAPTURE_AUTORELEASING = YES;
				CLANG_WARN_BOOL_CONVERSION = YES;
				CLANG_WARN_COMMA = YES;
				CLANG_WARN_CONSTANT_CONVERSION = YES;
				CLANG_WARN_DEPRECATED_OBJC_IMPLEMENTATIONS = YES;
				CLANG_WARN_DIRECT_OBJC_ISA_USAGE = YES_ERROR;
				CLANG_WARN_DOCUMENTATION_COMMENTS = YES;
				CLANG_WARN_EMPTY_BODY = YES;
				CLANG_WARN_ENUM_CONVERSION = YES;
				CLANG_WARN_INFINITE_RECURSION = YES;
				CLANG_WARN_INT_CONVERSION = YES;
				CLANG_WARN_NON_LITERAL_NULL_CONVERSION = YES;
				CLANG_WARN_OBJC_IMPLICIT_RETAIN_SELF = YES;
				CLANG_WARN_OBJC_LITERAL_CONVERSION = YES;
				CLANG_WARN_OBJC_ROOT_CLASS = YES_ERROR;
				CLANG_WARN_QUOTED_INCLUDE_IN_FRAMEWORK_HEADER = YES;
				CLANG_WARN_RANGE_LOOP_ANALYSIS = YES;
				CLANG_WARN_STRICT_PROTOTYPES = YES;
				CLANG_WARN_SUSPICIOUS_MOVE = YES;
				CLANG_WARN_UNGUARDED_AVAILABILITY = YES_AGGRESSIVE;
				CLANG_WARN_UNREACHABLE_CODE = YES;
				CLANG_WARN__DUPLICATE_METHOD_MATCH = YES;
				COPY_PHASE_STRIP = NO;
				DEBUG_INFORMATION_FORMAT = dwarf;
				DEVELOPMENT_TEAM = FDNXC42LQ6;
				ENABLE_STRICT_OBJC_MSGSEND = YES;
				ENABLE_TESTABILITY = YES;
				ENABLE_USER_SCRIPT_SANDBOXING = YES;
				GCC_C_LANGUAGE_STANDARD = gnu17;
				GCC_DYNAMIC_NO_PIC = NO;
				GCC_NO_COMMON_BLOCKS = YES;
				GCC_OPTIMIZATION_LEVEL = 0;
				GCC_PREPROCESSOR_DEFINITIONS = (
					"DEBUG=1",
					"$(inherited)",
				);
				GCC_WARN_64_TO_32_BIT_CONVERSION = YES;
				GCC_WARN_ABOUT_RETURN_TYPE = YES_ERROR;
				GCC_WARN_UNDECLARED_SELECTOR = YES;
				GCC_WARN_UNINITIALIZED_AUTOS = YES_AGGRESSIVE;
				GCC_WARN_UNUSED_FUNCTION = YES;
				GCC_WARN_UNUSED_VARIABLE = YES;
				IPHONEOS_DEPLOYMENT_TARGET = 18.2;
				LOCALIZATION_PREFERS_STRING_CATALOGS = YES;
				MTL_ENABLE_DEBUG_INFO = INCLUDE_SOURCE;
				MTL_FAST_MATH = YES;
				ONLY_ACTIVE_ARCH = YES;
				SDKROOT = iphoneos;
				SWIFT_ACTIVE_COMPILATION_CONDITIONS = "DEBUG $(inherited)";
				SWIFT_OPTIMIZATION_LEVEL = "-Onone";
			};
			name = Debug;
		};
		D7CF0E3D2D534B3F0036A0F3 /* Release */ = {
			isa = XCBuildConfiguration;
			buildSettings = {
				ALWAYS_SEARCH_USER_PATHS = NO;
				ASSETCATALOG_COMPILER_GENERATE_SWIFT_ASSET_SYMBOL_EXTENSIONS = YES;
				CLANG_ANALYZER_NONNULL = YES;
				CLANG_ANALYZER_NUMBER_OBJECT_CONVERSION = YES_AGGRESSIVE;
				CLANG_CXX_LANGUAGE_STANDARD = "gnu++20";
				CLANG_ENABLE_MODULES = YES;
				CLANG_ENABLE_OBJC_ARC = YES;
				CLANG_ENABLE_OBJC_WEAK = YES;
				CLANG_WARN_BLOCK_CAPTURE_AUTORELEASING = YES;
				CLANG_WARN_BOOL_CONVERSION = YES;
				CLANG_WARN_COMMA = YES;
				CLANG_WARN_CONSTANT_CONVERSION = YES;
				CLANG_WARN_DEPRECATED_OBJC_IMPLEMENTATIONS = YES;
				CLANG_WARN_DIRECT_OBJC_ISA_USAGE = YES_ERROR;
				CLANG_WARN_DOCUMENTATION_COMMENTS = YES;
				CLANG_WARN_EMPTY_BODY = YES;
				CLANG_WARN_ENUM_CONVERSION = YES;
				CLANG_WARN_INFINITE_RECURSION = YES;
				CLANG_WARN_INT_CONVERSION = YES;
				CLANG_WARN_NON_LITERAL_NULL_CONVERSION = YES;
				CLANG_WARN_OBJC_IMPLICIT_RETAIN_SELF = YES;
				CLANG_WARN_OBJC_LITERAL_CONVERSION = YES;
				CLANG_WARN_OBJC_ROOT_CLASS = YES_ERROR;
				CLANG_WARN_QUOTED_INCLUDE_IN_FRAMEWORK_HEADER = YES;
				CLANG_WARN_RANGE_LOOP_ANALYSIS = YES;
				CLANG_WARN_STRICT_PROTOTYPES = YES;
				CLANG_WARN_SUSPICIOUS_MOVE = YES;
				CLANG_WARN_UNGUARDED_AVAILABILITY = YES_AGGRESSIVE;
				CLANG_WARN_UNREACHABLE_CODE = YES;
				CLANG_WARN__DUPLICATE_METHOD_MATCH = YES;
				COPY_PHASE_STRIP = NO;
				DEBUG_INFORMATION_FORMAT = "dwarf-with-dsym";
				DEVELOPMENT_TEAM = FDNXC42LQ6;
				ENABLE_NS_ASSERTIONS = NO;
				ENABLE_STRICT_OBJC_MSGSEND = YES;
				ENABLE_USER_SCRIPT_SANDBOXING = YES;
				GCC_C_LANGUAGE_STANDARD = gnu17;
				GCC_NO_COMMON_BLOCKS = YES;
				GCC_WARN_64_TO_32_BIT_CONVERSION = YES;
				GCC_WARN_ABOUT_RETURN_TYPE = YES_ERROR;
				GCC_WARN_UNDECLARED_SELECTOR = YES;
				GCC_WARN_UNINITIALIZED_AUTOS = YES_AGGRESSIVE;
				GCC_WARN_UNUSED_FUNCTION = YES;
				GCC_WARN_UNUSED_VARIABLE = YES;
				IPHONEOS_DEPLOYMENT_TARGET = 18.2;
				LOCALIZATION_PREFERS_STRING_CATALOGS = YES;
				MTL_ENABLE_DEBUG_INFO = NO;
				MTL_FAST_MATH = YES;
				SDKROOT = iphoneos;
				SWIFT_COMPILATION_MODE = wholemodule;
				VALIDATE_PRODUCT = YES;
			};
			name = Release;
		};
		D7CF0E3F2D534B3F0036A0F3 /* Debug */ = {
			isa = XCBuildConfiguration;
			buildSettings = {
				ASSETCATALOG_COMPILER_APPICON_NAME = AppIcon;
				ASSETCATALOG_COMPILER_GLOBAL_ACCENT_COLOR_NAME = AccentColor;
				CODE_SIGN_ENTITLEMENTS = CryptoKeep/CryptoKeep.entitlements;
				CODE_SIGN_STYLE = Automatic;
				CURRENT_PROJECT_VERSION = 1;
				DEVELOPMENT_ASSET_PATHS = "\"CryptoKeep/Preview Content\"";
				ENABLE_PREVIEWS = YES;
				GENERATE_INFOPLIST_FILE = YES;
				INFOPLIST_KEY_CFBundleDisplayName = "币养";
				INFOPLIST_KEY_UIApplicationSceneManifest_Generation = YES;
				INFOPLIST_KEY_UIApplicationSupportsIndirectInputEvents = YES;
				INFOPLIST_KEY_UILaunchScreen_Generation = YES;
				INFOPLIST_KEY_UISupportedInterfaceOrientations = UIInterfaceOrientationPortrait;
				INFOPLIST_KEY_UISupportedInterfaceOrientations_iPad = "UIInterfaceOrientationLandscapeLeft UIInterfaceOrientationLandscapeRight UIInterfaceOrientationPortrait UIInterfaceOrientationPortraitUpsideDown";
				IPHONEOS_DEPLOYMENT_TARGET = 18.0;
				LD_RUNPATH_SEARCH_PATHS = (
					"$(inherited)",
					"@executable_path/Frameworks",
				);
				MARKETING_VERSION = 2.0.0;
				PRODUCT_BUNDLE_IDENTIFIER = com.sorrymybad0.CryptoKeep;
				PRODUCT_NAME = "$(TARGET_NAME)";
				SWIFT_EMIT_LOC_STRINGS = YES;
				SWIFT_VERSION = 5.0;
				TARGETED_DEVICE_FAMILY = "1,2";
			};
			name = Debug;
		};
		D7CF0E402D534B3F0036A0F3 /* Release */ = {
			isa = XCBuildConfiguration;
			buildSettings = {
				ASSETCATALOG_COMPILER_APPICON_NAME = AppIcon;
				ASSETCATALOG_COMPILER_GLOBAL_ACCENT_COLOR_NAME = AccentColor;
				CODE_SIGN_ENTITLEMENTS = CryptoKeep/CryptoKeep.entitlements;
				CODE_SIGN_STYLE = Automatic;
				CURRENT_PROJECT_VERSION = 1;
				DEVELOPMENT_ASSET_PATHS = "\"CryptoKeep/Preview Content\"";
				ENABLE_PREVIEWS = YES;
				GENERATE_INFOPLIST_FILE = YES;
				INFOPLIST_KEY_CFBundleDisplayName = "币养";
				INFOPLIST_KEY_UIApplicationSceneManifest_Generation = YES;
				INFOPLIST_KEY_UIApplicationSupportsIndirectInputEvents = YES;
				INFOPLIST_KEY_UILaunchScreen_Generation = YES;
				INFOPLIST_KEY_UISupportedInterfaceOrientations = UIInterfaceOrientationPortrait;
				INFOPLIST_KEY_UISupportedInterfaceOrientations_iPad = "UIInterfaceOrientationLandscapeLeft UIInterfaceOrientationLandscapeRight UIInterfaceOrientationPortrait UIInterfaceOrientationPortraitUpsideDown";
				IPHONEOS_DEPLOYMENT_TARGET = 18.0;
				LD_RUNPATH_SEARCH_PATHS = (
					"$(inherited)",
					"@executable_path/Frameworks",
				);
				MARKETING_VERSION = 2.0.0;
				PRODUCT_BUNDLE_IDENTIFIER = com.sorrymybad0.CryptoKeep;
				PRODUCT_NAME = "$(TARGET_NAME)";
				SWIFT_EMIT_LOC_STRINGS = YES;
				SWIFT_VERSION = 5.0;
				TARGETED_DEVICE_FAMILY = "1,2";
			};
			name = Release;
		};
		D7E830D22D5885DB00702A5E /* Debug */ = {
			isa = XCBuildConfiguration;
			buildSettings = {
				ASSETCATALOG_COMPILER_GLOBAL_ACCENT_COLOR_NAME = AccentColor;
				ASSETCATALOG_COMPILER_WIDGET_BACKGROUND_COLOR_NAME = WidgetBackground;
				CODE_SIGN_ENTITLEMENTS = CryptoKeepWidgetExtension.entitlements;
				CODE_SIGN_STYLE = Automatic;
				CURRENT_PROJECT_VERSION = 1;
				GENERATE_INFOPLIST_FILE = YES;
				INFOPLIST_FILE = CryptoKeepWidget/Info.plist;
				INFOPLIST_KEY_CFBundleDisplayName = CryptoKeepWidget;
				INFOPLIST_KEY_NSHumanReadableCopyright = "";
				LD_RUNPATH_SEARCH_PATHS = (
					"$(inherited)",
					"@executable_path/Frameworks",
					"@executable_path/../../Frameworks",
				);
				MARKETING_VERSION = 2.0.0;
				PRODUCT_BUNDLE_IDENTIFIER = com.sorrymybad0.CryptoKeep.CryptoKeepWidget;
				PRODUCT_NAME = "$(TARGET_NAME)";
				SKIP_INSTALL = YES;
				SWIFT_EMIT_LOC_STRINGS = YES;
				SWIFT_VERSION = 5.0;
				TARGETED_DEVICE_FAMILY = "1,2";
			};
			name = Debug;
		};
		D7E830D32D5885DB00702A5E /* Release */ = {
			isa = XCBuildConfiguration;
			buildSettings = {
				ASSETCATALOG_COMPILER_GLOBAL_ACCENT_COLOR_NAME = AccentColor;
				ASSETCATALOG_COMPILER_WIDGET_BACKGROUND_COLOR_NAME = WidgetBackground;
				CODE_SIGN_ENTITLEMENTS = CryptoKeepWidgetExtension.entitlements;
				CODE_SIGN_STYLE = Automatic;
				CURRENT_PROJECT_VERSION = 1;
				GENERATE_INFOPLIST_FILE = YES;
				INFOPLIST_FILE = CryptoKeepWidget/Info.plist;
				INFOPLIST_KEY_CFBundleDisplayName = CryptoKeepWidget;
				INFOPLIST_KEY_NSHumanReadableCopyright = "";
				LD_RUNPATH_SEARCH_PATHS = (
					"$(inherited)",
					"@executable_path/Frameworks",
					"@executable_path/../../Frameworks",
				);
				MARKETING_VERSION = 2.0.0;
				PRODUCT_BUNDLE_IDENTIFIER = com.sorrymybad0.CryptoKeep.CryptoKeepWidget;
				PRODUCT_NAME = "$(TARGET_NAME)";
				SKIP_INSTALL = YES;
				SWIFT_EMIT_LOC_STRINGS = YES;
				SWIFT_VERSION = 5.0;
				TARGETED_DEVICE_FAMILY = "1,2";
			};
			name = Release;
		};
/* End XCBuildConfiguration section */

/* Begin XCConfigurationList section */
		D7CF0E292D534B3E0036A0F3 /* Build configuration list for PBXProject "CryptoKeep" */ = {
			isa = XCConfigurationList;
			buildConfigurations = (
				D7CF0E3C2D534B3F0036A0F3 /* Debug */,
				D7CF0E3D2D534B3F0036A0F3 /* Release */,
			);
			defaultConfigurationIsVisible = 0;
			defaultConfigurationName = Release;
		};
		D7CF0E3E2D534B3F0036A0F3 /* Build configuration list for PBXNativeTarget "CryptoKeep" */ = {
			isa = XCConfigurationList;
			buildConfigurations = (
				D7CF0E3F2D534B3F0036A0F3 /* Debug */,
				D7CF0E402D534B3F0036A0F3 /* Release */,
			);
			defaultConfigurationIsVisible = 0;
			defaultConfigurationName = Release;
		};
		D7E830D12D5885DB00702A5E /* Build configuration list for PBXNativeTarget "CryptoKeepWidgetExtension" */ = {
			isa = XCConfigurationList;
			buildConfigurations = (
				D7E830D22D5885DB00702A5E /* Debug */,
				D7E830D32D5885DB00702A5E /* Release */,
			);
			defaultConfigurationIsVisible = 0;
			defaultConfigurationName = Release;
		};
/* End XCConfigurationList section */
	};
	rootObject = D7CF0E262D534B3E0036A0F3 /* Project object */;
}
